
Microsoft Visual Studio Solution File, Format Version 12.00
# Visual Studio Version 17
VisualStudioVersion = 17.2.32616.157
MinimumVisualStudioVersion = 10.0.40219.1
Project("{FAE04EC0-301F-11D3-BF4B-00C04F79EFBC}") = "Evento", "Evento\Evento.csproj", "{20C133D0-3D9C-4214-A3B3-0B8BA473D806}"
EndProject
Global
	GlobalSection(SolutionConfigurationPlatforms) = preSolution
		Debug|Any CPU = Debug|Any CPU
		Release|Any CPU = Release|Any CPU
	EndGlobalSection
	GlobalSection(ProjectConfigurationPlatforms) = postSolution
		{20C133D0-3D9C-4214-A3B3-0B8BA473D806}.Debug|Any CPU.ActiveCfg = Debug|Any CPU
		{20C133D0-3D9C-4214-A3B3-0B8BA473D806}.Debug|Any CPU.Build.0 = Debug|Any CPU
		{20C133D0-3D9C-4214-A3B3-0B8BA473D806}.Release|Any CPU.ActiveCfg = Release|Any CPU
		{20C133D0-3D9C-4214-A3B3-0B8BA473D806}.Release|Any CPU.Build.0 = Release|Any CPU
	EndGlobalSection
	GlobalSection(SolutionProperties) = preSolution
		HideSolutionNode = FALSE
	EndGlobalSection
	GlobalSection(ExtensibilityGlobals) = postSolution
		SolutionGuid = {B5156D08-C8C8-4FDE-996D-BCC2F6FC1D7B}
	EndGlobalSection
EndGlobal
